<?xml version="1.0" encoding="utf-8"?>
<Project ToolsVersion="4.0" xmlns="http://schemas.microsoft.com/developer/msbuild/2003">
  <ItemGroup>
    <Filter Include="ソース ファイル">
      <UniqueIdentifier>{4FC737F1-C7A5-4376-A066-2A32D752A2FF}</UniqueIdentifier>
      <Extensions>cpp;c;cc;cxx;def;odl;idl;hpj;bat;asm;asmx</Extensions>
    </Filter>
    <Filter Include="リソース ファイル">
      <UniqueIdentifier>{67DA6AB6-F800-4c08-8B7A-83BB121AAD01}</UniqueIdentifier>
      <Extensions>rc;ico;cur;bmp;dlg;rc2;rct;bin;rgs;gif;jpg;jpeg;jpe;resx;tiff;tif;png;wav;mfcribbon-ms</Extensions>
    </Filter>
    <Filter Include="ソース ファイル\object">
      <UniqueIdentifier>{d3b4341b-dd14-4ae5-8ca1-d1fea241eb4c}</UniqueIdentifier>
    </Filter>
    <Filter Include="ソース ファイル\object\2D">
      <UniqueIdentifier>{80a071da-3d62-4a2c-920f-2f540670afa6}</UniqueIdentifier>
    </Filter>
    <Filter Include="ソース ファイル\object\3D">
      <UniqueIdentifier>{5f635aa2-2f59-42c3-a2e8-9f92f1e99e9f}</UniqueIdentifier>
    </Filter>
    <Filter Include="ソース ファイル\object\billboard">
      <UniqueIdentifier>{9a40be2e-6d3f-4a04-9887-85ad8d7077b7}</UniqueIdentifier>
    </Filter>
    <Filter Include="ソース ファイル\object\modelX">
      <UniqueIdentifier>{655368a0-0e6e-4c93-93e6-c9cba0bf61d1}</UniqueIdentifier>
    </Filter>
    <Filter Include="ソース ファイル\renderer">
      <UniqueIdentifier>{3f156231-fec2-4824-a98c-560d66d81bf2}</UniqueIdentifier>
    </Filter>
    <Filter Include="ソース ファイル\manager">
      <UniqueIdentifier>{64db871d-1030-4cdc-8336-3fdbc6c441df}</UniqueIdentifier>
    </Filter>
    <Filter Include="ソース ファイル\object\mash">
      <UniqueIdentifier>{78398d2f-32a7-4509-8fab-8ab763f1f0e8}</UniqueIdentifier>
    </Filter>
    <Filter Include="ソース ファイル\object\motionX">
      <UniqueIdentifier>{ba9fd39b-75f3-4df7-af78-c216cf7a5253}</UniqueIdentifier>
    </Filter>
    <Filter Include="ソース ファイル\imGui">
      <UniqueIdentifier>{b06d866c-02bc-4f2b-8b1f-915933076a26}</UniqueIdentifier>
    </Filter>
    <Filter Include="ソース ファイル\mode">
      <UniqueIdentifier>{9d46698b-d331-40d4-bcce-023242c706d5}</UniqueIdentifier>
    </Filter>
    <Filter Include="シェーダ">
      <UniqueIdentifier>{80a46b2f-07f9-472b-9181-89388a3e61b6}</UniqueIdentifier>
    </Filter>
    <Filter Include="ソース ファイル\input">
      <UniqueIdentifier>{dc9de104-01f2-4a83-936e-3008091dd42e}</UniqueIdentifier>
    </Filter>
    <Filter Include="ソース ファイル\shader">
      <UniqueIdentifier>{8dac1d43-5bbf-4b81-b949-ab88fdb0f93c}</UniqueIdentifier>
    </Filter>
    <Filter Include="ソース ファイル\object\2D\shadow">
      <UniqueIdentifier>{9485a73f-8b2b-4ba8-826a-94db3b144b21}</UniqueIdentifier>
    </Filter>
  </ItemGroup>
  <ItemGroup>
    <ClCompile Include="main.cpp">
      <Filter>ソース ファイル</Filter>
    </ClCompile>
    <ClCompile Include="bullet.cpp">
      <Filter>ソース ファイル\object\billboard</Filter>
    </ClCompile>
    <ClCompile Include="camera.cpp">
      <Filter>ソース ファイル\manager</Filter>
    </ClCompile>
    <ClCompile Include="manager.cpp">
      <Filter>ソース ファイル\manager</Filter>
    </ClCompile>
    <ClCompile Include="fade.cpp">
      <Filter>ソース ファイル\object\2D</Filter>
    </ClCompile>
    <ClCompile Include="meshCube.cpp">
      <Filter>ソース ファイル\object\mash</Filter>
    </ClCompile>
    <ClCompile Include="meshSphere.cpp">
      <Filter>ソース ファイル\object\mash</Filter>
    </ClCompile>
    <ClCompile Include="renderer.cpp">
      <Filter>ソース ファイル\renderer</Filter>
    </ClCompile>
    <ClCompile Include="scene.cpp">
      <Filter>ソース ファイル\renderer</Filter>
    </ClCompile>
    <ClCompile Include="scene2D.cpp">
      <Filter>ソース ファイル\renderer</Filter>
    </ClCompile>
    <ClCompile Include="scene3D.cpp">
      <Filter>ソース ファイル\renderer</Filter>
    </ClCompile>
    <ClCompile Include="sceneBillboard.cpp">
      <Filter>ソース ファイル\renderer</Filter>
    </ClCompile>
    <ClCompile Include="sceneModelX.cpp">
      <Filter>ソース ファイル\renderer</Filter>
    </ClCompile>
    <ClCompile Include="sceneMesh.cpp">
      <Filter>ソース ファイル\renderer</Filter>
    </ClCompile>
    <ClCompile Include="skyDome.cpp">
      <Filter>ソース ファイル\object\mash</Filter>
    </ClCompile>
    <ClCompile Include="player.cpp">
      <Filter>ソース ファイル\object\motionX</Filter>
    </ClCompile>
    <ClCompile Include="object2D.cpp">
      <Filter>ソース ファイル\object\2D</Filter>
    </ClCompile>
    <ClCompile Include="collision.cpp">
      <Filter>ソース ファイル\manager</Filter>
    </ClCompile>
    <ClCompile Include="block.cpp">
      <Filter>ソース ファイル\object\modelX</Filter>
    </ClCompile>
    <ClCompile Include="particle.cpp">
      <Filter>ソース ファイル\object\billboard</Filter>
    </ClCompile>
    <ClCompile Include="sceneMotionPartsX.cpp">
      <Filter>ソース ファイル\renderer</Filter>
    </ClCompile>
    <ClCompile Include="imGui\imgui.cpp">
      <Filter>ソース ファイル\imGui</Filter>
    </ClCompile>
    <ClCompile Include="imGui\imgui_demo.cpp">
      <Filter>ソース ファイル\imGui</Filter>
    </ClCompile>
    <ClCompile Include="imGui\imgui_draw.cpp">
      <Filter>ソース ファイル\imGui</Filter>
    </ClCompile>
    <ClCompile Include="imGui\imgui_impl_dx9.cpp">
      <Filter>ソース ファイル\imGui</Filter>
    </ClCompile>
    <ClCompile Include="enemy.cpp">
      <Filter>ソース ファイル\object\motionX</Filter>
    </ClCompile>
    <ClCompile Include="modeTitle.cpp">
      <Filter>ソース ファイル\mode</Filter>
    </ClCompile>
    <ClCompile Include="modeGame.cpp">
      <Filter>ソース ファイル\mode</Filter>
    </ClCompile>
    <ClCompile Include="meshField.cpp">
      <Filter>ソース ファイル\object\mash</Filter>
    </ClCompile>
    <ClCompile Include="modeResult.cpp">
      <Filter>ソース ファイル\mode</Filter>
    </ClCompile>
    <ClCompile Include="equation.cpp">
      <Filter>リソース ファイル</Filter>
    </ClCompile>
    <ClCompile Include="modelX.cpp">
      <Filter>リソース ファイル</Filter>
    </ClCompile>
    <ClCompile Include="motionPartsX.cpp">
      <Filter>リソース ファイル</Filter>
    </ClCompile>
    <ClCompile Include="sound.cpp">
      <Filter>リソース ファイル</Filter>
    </ClCompile>
    <ClCompile Include="texture.cpp">
      <Filter>リソース ファイル</Filter>
    </ClCompile>
    <ClCompile Include="input.cpp">
      <Filter>ソース ファイル\input</Filter>
    </ClCompile>
    <ClCompile Include="inputKey.cpp">
      <Filter>ソース ファイル\input</Filter>
    </ClCompile>
    <ClCompile Include="xbox360.cpp">
      <Filter>ソース ファイル\input</Filter>
    </ClCompile>
    <ClCompile Include="shaderBase.cpp">
      <Filter>ソース ファイル\shader</Filter>
    </ClCompile>
    <ClCompile Include="shaderModel.cpp">
      <Filter>ソース ファイル\shader</Filter>
    </ClCompile>
    <ClCompile Include="shaderManager.cpp">
      <Filter>ソース ファイル\manager</Filter>
    </ClCompile>
    <ClCompile Include="shadowModel.cpp">
      <Filter>ソース ファイル\object\2D\shadow</Filter>
    </ClCompile>
    <ClCompile Include="shadowSphere.cpp">
      <Filter>ソース ファイル\object\2D\shadow</Filter>
    </ClCompile>
    <ClCompile Include="light.cpp">
      <Filter>ソース ファイル\manager</Filter>
    </ClCompile>
    <ClCompile Include="vertexDecl.cpp">
      <Filter>ソース ファイル\renderer</Filter>
    </ClCompile>
  </ItemGroup>
  <ItemGroup>
    <ClInclude Include="imGui\imconfig.h">
      <Filter>ソース ファイル\imGui</Filter>
    </ClInclude>
    <ClInclude Include="imGui\imgui.h">
      <Filter>ソース ファイル\imGui</Filter>
    </ClInclude>
    <ClInclude Include="imGui\imgui_impl_dx9.h">
      <Filter>ソース ファイル\imGui</Filter>
    </ClInclude>
    <ClInclude Include="imGui\imgui_internal.h">
      <Filter>ソース ファイル\imGui</Filter>
    </ClInclude>
    <ClInclude Include="imGui\stb_rect_pack.h">
      <Filter>ソース ファイル\imGui</Filter>
    </ClInclude>
    <ClInclude Include="imGui\stb_textedit.h">
      <Filter>ソース ファイル\imGui</Filter>
    </ClInclude>
    <ClInclude Include="imGui\stb_truetype.h">
      <Filter>ソース ファイル\imGui</Filter>
    </ClInclude>
    <ClInclude Include="camera.h">
      <Filter>ソース ファイル\manager</Filter>
    </ClInclude>
    <ClInclude Include="collision.h">
      <Filter>ソース ファイル\manager</Filter>
    </ClInclude>
    <ClInclude Include="manager.h">
      <Filter>ソース ファイル\manager</Filter>
    </ClInclude>
    <ClInclude Include="fade.h">
      <Filter>ソース ファイル\object\2D</Filter>
    </ClInclude>
    <ClInclude Include="object2D.h">
      <Filter>ソース ファイル\object\2D</Filter>
    </ClInclude>
    <ClInclude Include="bullet.h">
      <Filter>ソース ファイル\object\billboard</Filter>
    </ClInclude>
    <ClInclude Include="particle.h">
      <Filter>ソース ファイル\object\billboard</Filter>
    </ClInclude>
    <ClInclude Include="meshCube.h">
      <Filter>ソース ファイル\object\mash</Filter>
    </ClInclude>
    <ClInclude Include="meshSphere.h">
      <Filter>ソース ファイル\object\mash</Filter>
    </ClInclude>
    <ClInclude Include="skyDome.h">
      <Filter>ソース ファイル\object\mash</Filter>
    </ClInclude>
    <ClInclude Include="block.h">
      <Filter>ソース ファイル\object\modelX</Filter>
    </ClInclude>
    <ClInclude Include="enemy.h">
      <Filter>ソース ファイル\object\motionX</Filter>
    </ClInclude>
    <ClInclude Include="player.h">
      <Filter>ソース ファイル\object\motionX</Filter>
    </ClInclude>
    <ClInclude Include="renderer.h">
      <Filter>ソース ファイル\renderer</Filter>
    </ClInclude>
    <ClInclude Include="scene.h">
      <Filter>ソース ファイル\renderer</Filter>
    </ClInclude>
    <ClInclude Include="scene2D.h">
      <Filter>ソース ファイル\renderer</Filter>
    </ClInclude>
    <ClInclude Include="scene3D.h">
      <Filter>ソース ファイル\renderer</Filter>
    </ClInclude>
    <ClInclude Include="sceneBillboard.h">
      <Filter>ソース ファイル\renderer</Filter>
    </ClInclude>
    <ClInclude Include="sceneMesh.h">
      <Filter>ソース ファイル\renderer</Filter>
    </ClInclude>
    <ClInclude Include="sceneModelX.h">
      <Filter>ソース ファイル\renderer</Filter>
    </ClInclude>
    <ClInclude Include="sceneMotionPartsX.h">
      <Filter>ソース ファイル\renderer</Filter>
    </ClInclude>
    <ClInclude Include="main.h">
      <Filter>ソース ファイル</Filter>
    </ClInclude>
    <ClInclude Include="mode.h">
      <Filter>ソース ファイル\mode</Filter>
    </ClInclude>
    <ClInclude Include="modeTitle.h">
      <Filter>ソース ファイル\mode</Filter>
    </ClInclude>
    <ClInclude Include="modeGame.h">
      <Filter>ソース ファイル\mode</Filter>
    </ClInclude>
    <ClInclude Include="meshField.h">
      <Filter>ソース ファイル\object\mash</Filter>
    </ClInclude>
    <ClInclude Include="modeResult.h">
      <Filter>ソース ファイル\mode</Filter>
    </ClInclude>
    <ClInclude Include="equation.h">
      <Filter>リソース ファイル</Filter>
    </ClInclude>
    <ClInclude Include="modelX.h">
      <Filter>リソース ファイル</Filter>
    </ClInclude>
    <ClInclude Include="motionPartsX.h">
      <Filter>リソース ファイル</Filter>
    </ClInclude>
    <ClInclude Include="sound.h">
      <Filter>リソース ファイル</Filter>
    </ClInclude>
    <ClInclude Include="texture.h">
      <Filter>リソース ファイル</Filter>
    </ClInclude>
    <ClInclude Include="input.h">
      <Filter>ソース ファイル\input</Filter>
    </ClInclude>
    <ClInclude Include="inputKey.h">
      <Filter>ソース ファイル\input</Filter>
    </ClInclude>
    <ClInclude Include="xbox360.h">
      <Filter>ソース ファイル\input</Filter>
    </ClInclude>
    <ClInclude Include="shaderBase.h">
      <Filter>ソース ファイル\shader</Filter>
    </ClInclude>
    <ClInclude Include="shaderModel.h">
      <Filter>ソース ファイル\shader</Filter>
    </ClInclude>
    <ClInclude Include="shaderManager.h">
      <Filter>ソース ファイル\manager</Filter>
    </ClInclude>
    <ClInclude Include="shadowModel.h">
      <Filter>ソース ファイル\object\2D\shadow</Filter>
    </ClInclude>
    <ClInclude Include="shadowSphere.h">
      <Filter>ソース ファイル\object\2D\shadow</Filter>
    </ClInclude>
    <ClInclude Include="light.h">
      <Filter>ソース ファイル\manager</Filter>
    </ClInclude>
    <ClInclude Include="vertexDecl.h">
      <Filter>ソース ファイル\renderer</Filter>
    </ClInclude>
  </ItemGroup>
  <ItemGroup>
    <FxCompile Include="shader\model.fx">
      <Filter>シェーダ</Filter>
    </FxCompile>
  </ItemGroup>
</Project>